
Microsoft Visual Studio Solution File, Format Version 12.00
# Visual Studio Version 17
VisualStudioVersion = 17.10.35013.160
MinimumVisualStudioVersion = 10.0.40219.1
Project("{FAE04EC0-301F-11D3-BF4B-00C04F79EFBC}") = "Proyecto4A", "Proyecto4A.csproj", "{56A18D1F-C391-4607-AF52-5BAD160DF68E}"
EndProject
Global
	GlobalSection(SolutionConfigurationPlatforms) = preSolution
		Debug|Any CPU = Debug|Any CPU
		Release|Any CPU = Release|Any CPU
	EndGlobalSection
	GlobalSection(ProjectConfigurationPlatforms) = postSolution
		{56A18D1F-C391-4607-AF52-5BAD160DF68E}.Debug|Any CPU.ActiveCfg = Debug|Any CPU
		{56A18D1F-C391-4607-AF52-5BAD160DF68E}.Debug|Any CPU.Build.0 = Debug|Any CPU
		{56A18D1F-C391-4607-AF52-5BAD160DF68E}.Release|Any CPU.ActiveCfg = Release|Any CPU
		{56A18D1F-C391-4607-AF52-5BAD160DF68E}.Release|Any CPU.Build.0 = Release|Any CPU
	EndGlobalSection
	GlobalSection(SolutionProperties) = preSolution
		HideSolutionNode = FALSE
	EndGlobalSection
	GlobalSection(ExtensibilityGlobals) = postSolution
		SolutionGuid = {CC53CAB0-AE50-422E-BB5D-4038E81CCB0B}
	EndGlobalSection
EndGlobal
